
Microsoft Visual Studio Solution File, Format Version 12.00
# Visual Studio Version 16
VisualStudioVersion = 16.0.29926.136
MinimumVisualStudioVersion = 10.0.40219.1
Project("{2150E333-8FDC-42A3-9474-1A3956D46DE8}") = "Solution Items", "Solution Items", "{EDCAEA00-C7B6-4A5F-A92B-362E16824831}"
EndProject
Project("{2150E333-8FDC-42A3-9474-1A3956D46DE8}") = "src", "src", "{F78489C6-94F9-4939-940F-76E6286571BE}"
EndProject
Project("{2150E333-8FDC-42A3-9474-1A3956D46DE8}") = "1-Presetations", "1-Presetations", "{BAD95F55-A1A5-4575-A415-376AD61AF00E}"
EndProject
Project("{2150E333-8FDC-42A3-9474-1A3956D46DE8}") = "2-Services", "2-Services", "{B57318AA-DD6F-48EC-9E1D-4CFC17E0256A}"
EndProject
Project("{2150E333-8FDC-42A3-9474-1A3956D46DE8}") = "4-Domains", "4-Domains", "{E5040774-E5A6-4E9B-B6D4-62B31EF199F0}"
EndProject
Project("{2150E333-8FDC-42A3-9474-1A3956D46DE8}") = "5-Infra", "5-Infra", "{4255DF34-C233-4D36-BFC3-C6412E303614}"
EndProject
Project("{9A19103F-16F7-4668-BE54-9A1E7A4F7556}") = "Domain", "src\Domain\Domain.csproj", "{3A116A40-DFD5-4FE7-B8C0-A092488831B3}"
EndProject
Project("{9A19103F-16F7-4668-BE54-9A1E7A4F7556}") = "Domain.Core", "src\Domain.Core\Domain.Core.csproj", "{FE25926C-1C09-44CC-ADA2-194DB736F8C5}"
EndProject
Project("{2150E333-8FDC-42A3-9474-1A3956D46DE8}") = "doc", "doc", "{DC42D31B-FFB3-4288-B071-EF10A5197998}"
	ProjectSection(SolutionItems) = preProject
		Desenvolvimento.txt = Desenvolvimento.txt
	EndProjectSection
EndProject
Project("{2150E333-8FDC-42A3-9474-1A3956D46DE8}") = "5.1-InfraData", "5.1-InfraData", "{41DA644F-6831-4D79-AF77-8CFACA441078}"
EndProject
Project("{9A19103F-16F7-4668-BE54-9A1E7A4F7556}") = "Infra.Data", "src\Infra.Data\Infra.Data.csproj", "{6F52F3AF-16A8-4660-8599-88E9839ACDDE}"
EndProject
Project("{2150E333-8FDC-42A3-9474-1A3956D46DE8}") = "5.2-CrossCutting", "5.2-CrossCutting", "{32E7B464-97F1-4B1E-A94B-0536C1BB48A3}"
EndProject
Project("{9A19103F-16F7-4668-BE54-9A1E7A4F7556}") = "CrossCutting.Bus", "src\CrossCutting.Bus\CrossCutting.Bus.csproj", "{61B37D07-82E0-4F65-A95C-824304D1AE53}"
EndProject
Project("{2150E333-8FDC-42A3-9474-1A3956D46DE8}") = "CrossCutiingBuses", "CrossCutiingBuses", "{4D21EA86-B0D4-4229-BD60-16FA4919E9DD}"
EndProject
Project("{2150E333-8FDC-42A3-9474-1A3956D46DE8}") = "CrossCuttingIdentity", "CrossCuttingIdentity", "{07D7BDFF-665D-4253-84C3-10037F3EE913}"
EndProject
Project("{9A19103F-16F7-4668-BE54-9A1E7A4F7556}") = "CrossCuting.Identity", "src\CrossCuting.Identity\CrossCuting.Identity.csproj", "{6698543F-9943-47CF-B1B3-C9E451EE84C5}"
EndProject
Project("{2150E333-8FDC-42A3-9474-1A3956D46DE8}") = "Crossutting.IoC", "Crossutting.IoC", "{0AF63F04-E093-4D29-88BA-E4D7372497EE}"
EndProject
Project("{9A19103F-16F7-4668-BE54-9A1E7A4F7556}") = "CrossCutting.IoC", "src\CrossCutting.IoC\CrossCutting.IoC.csproj", "{63D347D0-B904-45D7-AA0C-6C976965A92A}"
EndProject
Project("{2150E333-8FDC-42A3-9474-1A3956D46DE8}") = "3-Application", "3-Application", "{59791268-0876-43AB-980E-D243F570F2EE}"
EndProject
Project("{9A19103F-16F7-4668-BE54-9A1E7A4F7556}") = "Application", "src\Application\Application.csproj", "{2F29FD4F-4F96-40C9-9826-AB517148F82D}"
EndProject
Project("{9A19103F-16F7-4668-BE54-9A1E7A4F7556}") = "Service.Api", "src\Service.Api\Service.Api.csproj", "{F37DFBA7-50E8-4B1E-985B-63B068C684D8}"
EndProject
Project("{FAE04EC0-301F-11D3-BF4B-00C04F79EFBC}") = "DNA.UI.Web", "src\DNA.UI.Web\DNA.UI.Web.csproj", "{8C72E5E9-0173-4BBD-96E1-D549F1BF64DF}"
EndProject
Global
	GlobalSection(SolutionConfigurationPlatforms) = preSolution
		Debug|Any CPU = Debug|Any CPU
		Release|Any CPU = Release|Any CPU
	EndGlobalSection
	GlobalSection(ProjectConfigurationPlatforms) = postSolution
		{3A116A40-DFD5-4FE7-B8C0-A092488831B3}.Debug|Any CPU.ActiveCfg = Debug|Any CPU
		{3A116A40-DFD5-4FE7-B8C0-A092488831B3}.Debug|Any CPU.Build.0 = Debug|Any CPU
		{3A116A40-DFD5-4FE7-B8C0-A092488831B3}.Release|Any CPU.ActiveCfg = Release|Any CPU
		{3A116A40-DFD5-4FE7-B8C0-A092488831B3}.Release|Any CPU.Build.0 = Release|Any CPU
		{FE25926C-1C09-44CC-ADA2-194DB736F8C5}.Debug|Any CPU.ActiveCfg = Debug|Any CPU
		{FE25926C-1C09-44CC-ADA2-194DB736F8C5}.Debug|Any CPU.Build.0 = Debug|Any CPU
		{FE25926C-1C09-44CC-ADA2-194DB736F8C5}.Release|Any CPU.ActiveCfg = Release|Any CPU
		{FE25926C-1C09-44CC-ADA2-194DB736F8C5}.Release|Any CPU.Build.0 = Release|Any CPU
		{6F52F3AF-16A8-4660-8599-88E9839ACDDE}.Debug|Any CPU.ActiveCfg = Debug|Any CPU
		{6F52F3AF-16A8-4660-8599-88E9839ACDDE}.Debug|Any CPU.Build.0 = Debug|Any CPU
		{6F52F3AF-16A8-4660-8599-88E9839ACDDE}.Release|Any CPU.ActiveCfg = Release|Any CPU
		{6F52F3AF-16A8-4660-8599-88E9839ACDDE}.Release|Any CPU.Build.0 = Release|Any CPU
		{61B37D07-82E0-4F65-A95C-824304D1AE53}.Debug|Any CPU.ActiveCfg = Debug|Any CPU
		{61B37D07-82E0-4F65-A95C-824304D1AE53}.Debug|Any CPU.Build.0 = Debug|Any CPU
		{61B37D07-82E0-4F65-A95C-824304D1AE53}.Release|Any CPU.ActiveCfg = Release|Any CPU
		{61B37D07-82E0-4F65-A95C-824304D1AE53}.Release|Any CPU.Build.0 = Release|Any CPU
		{6698543F-9943-47CF-B1B3-C9E451EE84C5}.Debug|Any CPU.ActiveCfg = Debug|Any CPU
		{6698543F-9943-47CF-B1B3-C9E451EE84C5}.Debug|Any CPU.Build.0 = Debug|Any CPU
		{6698543F-9943-47CF-B1B3-C9E451EE84C5}.Release|Any CPU.ActiveCfg = Release|Any CPU
		{6698543F-9943-47CF-B1B3-C9E451EE84C5}.Release|Any CPU.Build.0 = Release|Any CPU
		{63D347D0-B904-45D7-AA0C-6C976965A92A}.Debug|Any CPU.ActiveCfg = Debug|Any CPU
		{63D347D0-B904-45D7-AA0C-6C976965A92A}.Debug|Any CPU.Build.0 = Debug|Any CPU
		{63D347D0-B904-45D7-AA0C-6C976965A92A}.Release|Any CPU.ActiveCfg = Release|Any CPU
		{63D347D0-B904-45D7-AA0C-6C976965A92A}.Release|Any CPU.Build.0 = Release|Any CPU
		{2F29FD4F-4F96-40C9-9826-AB517148F82D}.Debug|Any CPU.ActiveCfg = Debug|Any CPU
		{2F29FD4F-4F96-40C9-9826-AB517148F82D}.Debug|Any CPU.Build.0 = Debug|Any CPU
		{2F29FD4F-4F96-40C9-9826-AB517148F82D}.Release|Any CPU.ActiveCfg = Release|Any CPU
		{2F29FD4F-4F96-40C9-9826-AB517148F82D}.Release|Any CPU.Build.0 = Release|Any CPU
		{F37DFBA7-50E8-4B1E-985B-63B068C684D8}.Debug|Any CPU.ActiveCfg = Debug|Any CPU
		{F37DFBA7-50E8-4B1E-985B-63B068C684D8}.Debug|Any CPU.Build.0 = Debug|Any CPU
		{F37DFBA7-50E8-4B1E-985B-63B068C684D8}.Release|Any CPU.ActiveCfg = Release|Any CPU
		{F37DFBA7-50E8-4B1E-985B-63B068C684D8}.Release|Any CPU.Build.0 = Release|Any CPU
		{8C72E5E9-0173-4BBD-96E1-D549F1BF64DF}.Debug|Any CPU.ActiveCfg = Debug|Any CPU
		{8C72E5E9-0173-4BBD-96E1-D549F1BF64DF}.Debug|Any CPU.Build.0 = Debug|Any CPU
		{8C72E5E9-0173-4BBD-96E1-D549F1BF64DF}.Release|Any CPU.ActiveCfg = Release|Any CPU
		{8C72E5E9-0173-4BBD-96E1-D549F1BF64DF}.Release|Any CPU.Build.0 = Release|Any CPU
	EndGlobalSection
	GlobalSection(SolutionProperties) = preSolution
		HideSolutionNode = FALSE
	EndGlobalSection
	GlobalSection(NestedProjects) = preSolution
		{BAD95F55-A1A5-4575-A415-376AD61AF00E} = {F78489C6-94F9-4939-940F-76E6286571BE}
		{B57318AA-DD6F-48EC-9E1D-4CFC17E0256A} = {F78489C6-94F9-4939-940F-76E6286571BE}
		{E5040774-E5A6-4E9B-B6D4-62B31EF199F0} = {F78489C6-94F9-4939-940F-76E6286571BE}
		{4255DF34-C233-4D36-BFC3-C6412E303614} = {F78489C6-94F9-4939-940F-76E6286571BE}
		{3A116A40-DFD5-4FE7-B8C0-A092488831B3} = {E5040774-E5A6-4E9B-B6D4-62B31EF199F0}
		{FE25926C-1C09-44CC-ADA2-194DB736F8C5} = {E5040774-E5A6-4E9B-B6D4-62B31EF199F0}
		{DC42D31B-FFB3-4288-B071-EF10A5197998} = {EDCAEA00-C7B6-4A5F-A92B-362E16824831}
		{41DA644F-6831-4D79-AF77-8CFACA441078} = {4255DF34-C233-4D36-BFC3-C6412E303614}
		{6F52F3AF-16A8-4660-8599-88E9839ACDDE} = {41DA644F-6831-4D79-AF77-8CFACA441078}
		{32E7B464-97F1-4B1E-A94B-0536C1BB48A3} = {4255DF34-C233-4D36-BFC3-C6412E303614}
		{61B37D07-82E0-4F65-A95C-824304D1AE53} = {4D21EA86-B0D4-4229-BD60-16FA4919E9DD}
		{4D21EA86-B0D4-4229-BD60-16FA4919E9DD} = {32E7B464-97F1-4B1E-A94B-0536C1BB48A3}
		{07D7BDFF-665D-4253-84C3-10037F3EE913} = {32E7B464-97F1-4B1E-A94B-0536C1BB48A3}
		{6698543F-9943-47CF-B1B3-C9E451EE84C5} = {07D7BDFF-665D-4253-84C3-10037F3EE913}
		{0AF63F04-E093-4D29-88BA-E4D7372497EE} = {32E7B464-97F1-4B1E-A94B-0536C1BB48A3}
		{63D347D0-B904-45D7-AA0C-6C976965A92A} = {0AF63F04-E093-4D29-88BA-E4D7372497EE}
		{59791268-0876-43AB-980E-D243F570F2EE} = {F78489C6-94F9-4939-940F-76E6286571BE}
		{2F29FD4F-4F96-40C9-9826-AB517148F82D} = {59791268-0876-43AB-980E-D243F570F2EE}
		{F37DFBA7-50E8-4B1E-985B-63B068C684D8} = {B57318AA-DD6F-48EC-9E1D-4CFC17E0256A}
		{8C72E5E9-0173-4BBD-96E1-D549F1BF64DF} = {BAD95F55-A1A5-4575-A415-376AD61AF00E}
	EndGlobalSection
	GlobalSection(ExtensibilityGlobals) = postSolution
		SolutionGuid = {D08D3480-606D-4A03-88D3-1AC2A8C9D04D}
	EndGlobalSection
EndGlobal
